
Microsoft Visual Studio Solution File, Format Version 12.00
# Visual Studio Version 17
VisualStudioVersion = 17.7.34009.444
MinimumVisualStudioVersion = 10.0.40219.1
Project("{FAE04EC0-301F-11D3-BF4B-00C04F79EFBC}") = "Exam1_Restaurant", "Exam1_Restaurant\Exam1_Restaurant.csproj", "{048D514D-17DA-43B4-AA58-BBE171D3426E}"
EndProject
Global
	GlobalSection(SolutionConfigurationPlatforms) = preSolution
		Debug|Any CPU = Debug|Any CPU
		Release|Any CPU = Release|Any CPU
	EndGlobalSection
	GlobalSection(ProjectConfigurationPlatforms) = postSolution
		{048D514D-17DA-43B4-AA58-BBE171D3426E}.Debug|Any CPU.ActiveCfg = Debug|Any CPU
		{048D514D-17DA-43B4-AA58-BBE171D3426E}.Debug|Any CPU.Build.0 = Debug|Any CPU
		{048D514D-17DA-43B4-AA58-BBE171D3426E}.Release|Any CPU.ActiveCfg = Release|Any CPU
		{048D514D-17DA-43B4-AA58-BBE171D3426E}.Release|Any CPU.Build.0 = Release|Any CPU
	EndGlobalSection
	GlobalSection(SolutionProperties) = preSolution
		HideSolutionNode = FALSE
	EndGlobalSection
	GlobalSection(ExtensibilityGlobals) = postSolution
		SolutionGuid = {37564C19-797D-4E7B-B54F-76C984521A94}
	EndGlobalSection
EndGlobal
